
Microsoft Visual Studio Solution File, Format Version 12.00
# Visual Studio 14
VisualStudioVersion = 14.0.25420.1
MinimumVisualStudioVersion = 10.0.40219.1
Project("{FAE04EC0-301F-11D3-BF4B-00C04F79EFBC}") = "TalentSteenAPI_V1", "TalentSteenAPI_V1\TalentSteenAPI_V1.csproj", "{E43189BA-7999-4173-AD0F-F17A246FF310}"
EndProject
Global
	GlobalSection(SolutionConfigurationPlatforms) = preSolution
		Debug|Any CPU = Debug|Any CPU
		Release|Any CPU = Release|Any CPU
	EndGlobalSection
	GlobalSection(ProjectConfigurationPlatforms) = postSolution
		{E43189BA-7999-4173-AD0F-F17A246FF310}.Debug|Any CPU.ActiveCfg = Debug|Any CPU
		{E43189BA-7999-4173-AD0F-F17A246FF310}.Debug|Any CPU.Build.0 = Debug|Any CPU
		{E43189BA-7999-4173-AD0F-F17A246FF310}.Release|Any CPU.ActiveCfg = Release|Any CPU
		{E43189BA-7999-4173-AD0F-F17A246FF310}.Release|Any CPU.Build.0 = Release|Any CPU
	EndGlobalSection
	GlobalSection(SolutionProperties) = preSolution
		HideSolutionNode = FALSE
	EndGlobalSection
EndGlobal
